{
  "name": "@project-sunbird/sunbird-video-player",
  "version": "0.0.4",
  "lockfileVersion": 1,
  "requires": true,
  "dependencies": {
    "@project-sunbird/sunbird-player-sdk": {
      "version": "0.0.7",
      "resolved": "https://registry.npmjs.org/@project-sunbird/sunbird-player-sdk/-/sunbird-player-sdk-0.0.7.tgz",
      "integrity": "sha512-Q9iC5vpR+dtWYG1Ye/VhieM/XEbsozxmI3sf4hK9r1rK0DsvX2sduu8JT65BJf/ruaFauOBexVOM9d9rfajeBQ==",
      "requires": {
        "tslib": "^1.9.0"
      }
    },
    "tslib": {
      "version": "1.14.1",
      "resolved": "https://registry.npmjs.org/tslib/-/tslib-1.14.1.tgz",
      "integrity": "sha512-Xni35NKzjgMrwevysHTCArtLDpPvye8zV/0E4EyYn43P7/7qvQwPh9BGkHewbMulVntbigmcT7rdX3BNo9wRJg=="
    }
  }
}
