{
  "name": "sunbird-video-player",
  "version": "0.0.1",
  "lockfileVersion": 1,
  "requires": true,
  "dependencies": {
    "@project-sunbird/sunbird-player-sdk": {
      "version": "file:../../../project-sunbird/sunbird-player-sdk/dist/sunbird-player-sdk/project-sunbird-sunbird-player-sdk-0.0.4.tgz",
      "integrity": "sha512-AJmZqw1dTsfT9P/mOAwbdJpIWGvyjovDXd/HZ/mLSpE46loJD1zX2HcYGxAQI6K5cu9sPNUIs0FUIDPXNc1qTQ==",
      "requires": {
        "tslib": "^1.9.0"
      }
    },
    "tslib": {
      "version": "1.14.1",
      "resolved": "https://registry.npmjs.org/tslib/-/tslib-1.14.1.tgz",
      "integrity": "sha512-Xni35NKzjgMrwevysHTCArtLDpPvye8zV/0E4EyYn43P7/7qvQwPh9BGkHewbMulVntbigmcT7rdX3BNo9wRJg=="
    }
  }
}
