{
  "name": "@project-sunbird/sunbird-video-player",
  "version": "0.0.1",
  "lockfileVersion": 1,
  "requires": true,
  "dependencies": {
    "@project-sunbird/sunbird-player-sdk": {
      "version": "0.0.4",
      "resolved": "https://registry.npmjs.org/@project-sunbird/sunbird-player-sdk/-/sunbird-player-sdk-0.0.4.tgz",
      "integrity": "sha512-inZPdtvODs1RGwxL/PmqsDLVD9/bPQo1+seVya2BnkLbHId+bT491WQXNEsP3Iu3VchmKGD17QqkXOenlOSABw==",
      "requires": {
        "tslib": "^1.9.0"
      }
    },
    "tslib": {
      "version": "1.14.1",
      "resolved": "https://registry.npmjs.org/tslib/-/tslib-1.14.1.tgz",
      "integrity": "sha512-Xni35NKzjgMrwevysHTCArtLDpPvye8zV/0E4EyYn43P7/7qvQwPh9BGkHewbMulVntbigmcT7rdX3BNo9wRJg=="
    }
  }
}
